// !$*UTF8*$!
{
	archiveVersion = 1;
	classes = {
	};
	objectVersion = 55;
	objects = {

/* Begin PBXBuildFile section */
		B12BAB5E29043236000C4F9D /* AppDelegate.swift in Sources */ = {isa = PBXBuildFile; fileRef = B12BAB5D29043236000C4F9D /* AppDelegate.swift */; };
		B12BAB6029043236000C4F9D /* SceneDelegate.swift in Sources */ = {isa = PBXBuildFile; fileRef = B12BAB5F29043236000C4F9D /* SceneDelegate.swift */; };
		B12BAB6229043236000C4F9D /* ViewController.swift in Sources */ = {isa = PBXBuildFile; fileRef = B12BAB6129043236000C4F9D /* ViewController.swift */; };
		B12BAB6729043238000C4F9D /* Assets.xcassets in Resources */ = {isa = PBXBuildFile; fileRef = B12BAB6629043238000C4F9D /* Assets.xcassets */; };
		B12BAB6A29043238000C4F9D /* LaunchScreen.storyboard in Resources */ = {isa = PBXBuildFile; fileRef = B12BAB6829043238000C4F9D /* LaunchScreen.storyboard */; };
		B12BAB7229052F00000C4F9D /* FeedViewController.swift in Sources */ = {isa = PBXBuildFile; fileRef = B12BAB7129052F00000C4F9D /* FeedViewController.swift */; };
		B12BAB7429052F15000C4F9D /* ProfileViewController.swift in Sources */ = {isa = PBXBuildFile; fileRef = B12BAB7329052F15000C4F9D /* ProfileViewController.swift */; };
		B12BAB76290534B3000C4F9D /* TabBarController .swift in Sources */ = {isa = PBXBuildFile; fileRef = B12BAB75290534B3000C4F9D /* TabBarController .swift */; };
		B12BAB782905495C000C4F9D /* PostViewController .swift in Sources */ = {isa = PBXBuildFile; fileRef = B12BAB772905495C000C4F9D /* PostViewController .swift */; };
		B12BAB7A29055D13000C4F9D /* DataPost.swift in Sources */ = {isa = PBXBuildFile; fileRef = B12BAB7929055D13000C4F9D /* DataPost.swift */; };
		B1E72324290E69580025D35F /* InfoViewController .swift in Sources */ = {isa = PBXBuildFile; fileRef = B1E72323290E69580025D35F /* InfoViewController .swift */; };
/* End PBXBuildFile section */

/* Begin PBXFileReference section */
		B12BAB5A29043236000C4F9D /* Navigation.app */ = {isa = PBXFileReference; explicitFileType = wrapper.application; includeInIndex = 0; path = Navigation.app; sourceTree = BUILT_PRODUCTS_DIR; };
		B12BAB5D29043236000C4F9D /* AppDelegate.swift */ = {isa = PBXFileReference; lastKnownFileType = sourcecode.swift; path = AppDelegate.swift; sourceTree = "<group>"; };
		B12BAB5F29043236000C4F9D /* SceneDelegate.swift */ = {isa = PBXFileReference; lastKnownFileType = sourcecode.swift; path = SceneDelegate.swift; sourceTree = "<group>"; };
		B12BAB6129043236000C4F9D /* ViewController.swift */ = {isa = PBXFileReference; lastKnownFileType = sourcecode.swift; path = ViewController.swift; sourceTree = "<group>"; };
		B12BAB6629043238000C4F9D /* Assets.xcassets */ = {isa = PBXFileReference; lastKnownFileType = folder.assetcatalog; path = Assets.xcassets; sourceTree = "<group>"; };
		B12BAB6929043238000C4F9D /* Base */ = {isa = PBXFileReference; lastKnownFileType = file.storyboard; name = Base; path = Base.lproj/LaunchScreen.storyboard; sourceTree = "<group>"; };
		B12BAB6B29043238000C4F9D /* Info.plist */ = {isa = PBXFileReference; lastKnownFileType = text.plist.xml; path = Info.plist; sourceTree = "<group>"; };
		B12BAB7129052F00000C4F9D /* FeedViewController.swift */ = {isa = PBXFileReference; lastKnownFileType = sourcecode.swift; lineEnding = 0; path = FeedViewController.swift; sourceTree = "<group>"; usesTabs = 0; };
		B12BAB7329052F15000C4F9D /* ProfileViewController.swift */ = {isa = PBXFileReference; lastKnownFileType = sourcecode.swift; path = ProfileViewController.swift; sourceTree = "<group>"; };
		B12BAB75290534B3000C4F9D /* TabBarController .swift */ = {isa = PBXFileReference; lastKnownFileType = sourcecode.swift; path = "TabBarController .swift"; sourceTree = "<group>"; };
		B12BAB772905495C000C4F9D /* PostViewController .swift */ = {isa = PBXFileReference; lastKnownFileType = sourcecode.swift; path = "PostViewController .swift"; sourceTree = "<group>"; };
		B12BAB7929055D13000C4F9D /* DataPost.swift */ = {isa = PBXFileReference; lastKnownFileType = sourcecode.swift; path = DataPost.swift; sourceTree = "<group>"; };
		B1E72323290E69580025D35F /* InfoViewController .swift */ = {isa = PBXFileReference; lastKnownFileType = sourcecode.swift; path = "InfoViewController .swift"; sourceTree = "<group>"; };
/* End PBXFileReference section */

/* Begin PBXFrameworksBuildPhase section */
		B12BAB5729043236000C4F9D /* Frameworks */ = {
			isa = PBXFrameworksBuildPhase;
			buildActionMask = 2147483647;
			files = (
			);
			runOnlyForDeploymentPostprocessing = 0;
		};
/* End PBXFrameworksBuildPhase section */

/* Begin PBXGroup section */
		B12BAB5129043236000C4F9D = {
			isa = PBXGroup;
			children = (
				B12BAB5C29043236000C4F9D /* Navigation */,
				B12BAB5B29043236000C4F9D /* Products */,
			);
			sourceTree = "<group>";
		};
		B12BAB5B29043236000C4F9D /* Products */ = {
			isa = PBXGroup;
			children = (
				B12BAB5A29043236000C4F9D /* Navigation.app */,
			);
			name = Products;
			sourceTree = "<group>";
		};
		B12BAB5C29043236000C4F9D /* Navigation */ = {
			isa = PBXGroup;
			children = (
				B12BAB5D29043236000C4F9D /* AppDelegate.swift */,
				B12BAB5F29043236000C4F9D /* SceneDelegate.swift */,
				B12BAB75290534B3000C4F9D /* TabBarController .swift */,
				B12BAB772905495C000C4F9D /* PostViewController .swift */,
				B1E72323290E69580025D35F /* InfoViewController .swift */,
				B12BAB7929055D13000C4F9D /* DataPost.swift */,
				B12BAB6129043236000C4F9D /* ViewController.swift */,
				B12BAB7129052F00000C4F9D /* FeedViewController.swift */,
				B12BAB7329052F15000C4F9D /* ProfileViewController.swift */,
				B12BAB6629043238000C4F9D /* Assets.xcassets */,
				B12BAB6829043238000C4F9D /* LaunchScreen.storyboard */,
				B12BAB6B29043238000C4F9D /* Info.plist */,
			);
			path = Navigation;
			sourceTree = "<group>";
		};
/* End PBXGroup section */

/* Begin PBXNativeTarget section */
		B12BAB5929043236000C4F9D /* Navigation */ = {
			isa = PBXNativeTarget;
			buildConfigurationList = B12BAB6E29043238000C4F9D /* Build configuration list for PBXNativeTarget "Navigation" */;
			buildPhases = (
				B12BAB5629043236000C4F9D /* Sources */,
				B12BAB5729043236000C4F9D /* Frameworks */,
				B12BAB5829043236000C4F9D /* Resources */,
			);
			buildRules = (
			);
			dependencies = (
			);
			name = Navigation;
			productName = Navigation;
			productReference = B12BAB5A29043236000C4F9D /* Navigation.app */;
			productType = "com.apple.product-type.application";
		};
/* End PBXNativeTarget section */

/* Begin PBXProject section */
		B12BAB5229043236000C4F9D /* Project object */ = {
			isa = PBXProject;
			attributes = {
				BuildIndependentTargetsInParallel = 1;
				LastSwiftUpdateCheck = 1340;
				LastUpgradeCheck = 1340;
				TargetAttributes = {
					B12BAB5929043236000C4F9D = {
						CreatedOnToolsVersion = 13.4.1;
					};
				};
			};
			buildConfigurationList = B12BAB5529043236000C4F9D /* Build configuration list for PBXProject "Navigation" */;
			compatibilityVersion = "Xcode 13.0";
			developmentRegion = en;
			hasScannedForEncodings = 0;
			knownRegions = (
				en,
				Base,
			);
			mainGroup = B12BAB5129043236000C4F9D;
			productRefGroup = B12BAB5B29043236000C4F9D /* Products */;
			projectDirPath = "";
			projectRoot = "";
			targets = (
				B12BAB5929043236000C4F9D /* Navigation */,
			);
		};
/* End PBXProject section */

/* Begin PBXResourcesBuildPhase section */
		B12BAB5829043236000C4F9D /* Resources */ = {
			isa = PBXResourcesBuildPhase;
			buildActionMask = 2147483647;
			files = (
				B12BAB6A29043238000C4F9D /* LaunchScreen.storyboard in Resources */,
				B12BAB6729043238000C4F9D /* Assets.xcassets in Resources */,
			);
			runOnlyForDeploymentPostprocessing = 0;
		};
/* End PBXResourcesBuildPhase section */

/* Begin PBXSourcesBuildPhase section */
		B12BAB5629043236000C4F9D /* Sources */ = {
			isa = PBXSourcesBuildPhase;
			buildActionMask = 2147483647;
			files = (
				B12BAB6229043236000C4F9D /* ViewController.swift in Sources */,
				B1E72324290E69580025D35F /* InfoViewController .swift in Sources */,
				B12BAB7A29055D13000C4F9D /* DataPost.swift in Sources */,
				B12BAB782905495C000C4F9D /* PostViewController .swift in Sources */,
				B12BAB5E29043236000C4F9D /* AppDelegate.swift in Sources */,
				B12BAB7429052F15000C4F9D /* ProfileViewController.swift in Sources */,
				B12BAB6029043236000C4F9D /* SceneDelegate.swift in Sources */,
				B12BAB76290534B3000C4F9D /* TabBarController .swift in Sources */,
				B12BAB7229052F00000C4F9D /* FeedViewController.swift in Sources */,
			);
			runOnlyForDeploymentPostprocessing = 0;
		};
/* End PBXSourcesBuildPhase section */

/* Begin PBXVariantGroup section */
		B12BAB6829043238000C4F9D /* LaunchScreen.storyboard */ = {
			isa = PBXVariantGroup;
			children = (
				B12BAB6929043238000C4F9D /* Base */,
			);
			name = LaunchScreen.storyboard;
			sourceTree = "<group>";
		};
/* End PBXVariantGroup section */

/* Begin XCBuildConfiguration section */
		B12BAB6C29043238000C4F9D /* Debug */ = {
			isa = XCBuildConfiguration;
			buildSettings = {
				ALWAYS_SEARCH_USER_PATHS = NO;
				CLANG_ANALYZER_NONNULL = YES;
				CLANG_ANALYZER_NUMBER_OBJECT_CONVERSION = YES_AGGRESSIVE;
				CLANG_CXX_LANGUAGE_STANDARD = "gnu++17";
				CLANG_ENABLE_MODULES = YES;
				CLANG_ENABLE_OBJC_ARC = YES;
				CLANG_ENABLE_OBJC_WEAK = YES;
				CLANG_WARN_BLOCK_CAPTURE_AUTORELEASING = YES;
				CLANG_WARN_BOOL_CONVERSION = YES;
				CLANG_WARN_COMMA = YES;
				CLANG_WARN_CONSTANT_CONVERSION = YES;
				CLANG_WARN_DEPRECATED_OBJC_IMPLEMENTATIONS = YES;
				CLANG_WARN_DIRECT_OBJC_ISA_USAGE = YES_ERROR;
				CLANG_WARN_DOCUMENTATION_COMMENTS = YES;
				CLANG_WARN_EMPTY_BODY = YES;
				CLANG_WARN_ENUM_CONVERSION = YES;
				CLANG_WARN_INFINITE_RECURSION = YES;
				CLANG_WARN_INT_CONVERSION = YES;
				CLANG_WARN_NON_LITERAL_NULL_CONVERSION = YES;
				CLANG_WARN_OBJC_IMPLICIT_RETAIN_SELF = YES;
				CLANG_WARN_OBJC_LITERAL_CONVERSION = YES;
				CLANG_WARN_OBJC_ROOT_CLASS = YES_ERROR;
				CLANG_WARN_QUOTED_INCLUDE_IN_FRAMEWORK_HEADER = YES;
				CLANG_WARN_RANGE_LOOP_ANALYSIS = YES;
				CLANG_WARN_STRICT_PROTOTYPES = YES;
				CLANG_WARN_SUSPICIOUS_MOVE = YES;
				CLANG_WARN_UNGUARDED_AVAILABILITY = YES_AGGRESSIVE;
				CLANG_WARN_UNREACHABLE_CODE = YES;
				CLANG_WARN__DUPLICATE_METHOD_MATCH = YES;
				COPY_PHASE_STRIP = NO;
				DEBUG_INFORMATION_FORMAT = dwarf;
				ENABLE_STRICT_OBJC_MSGSEND = YES;
				ENABLE_TESTABILITY = YES;
				GCC_C_LANGUAGE_STANDARD = gnu11;
				GCC_DYNAMIC_NO_PIC = NO;
				GCC_NO_COMMON_BLOCKS = YES;
				GCC_OPTIMIZATION_LEVEL = 0;
				GCC_PREPROCESSOR_DEFINITIONS = (
					"DEBUG=1",
					"$(inherited)",
				);
				GCC_WARN_64_TO_32_BIT_CONVERSION = YES;
				GCC_WARN_ABOUT_RETURN_TYPE = YES_ERROR;
				GCC_WARN_UNDECLARED_SELECTOR = YES;
				GCC_WARN_UNINITIALIZED_AUTOS = YES_AGGRESSIVE;
				GCC_WARN_UNUSED_FUNCTION = YES;
				GCC_WARN_UNUSED_VARIABLE = YES;
				IPHONEOS_DEPLOYMENT_TARGET = 15.5;
				MTL_ENABLE_DEBUG_INFO = INCLUDE_SOURCE;
				MTL_FAST_MATH = YES;
				ONLY_ACTIVE_ARCH = YES;
				SDKROOT = iphoneos;
				SWIFT_ACTIVE_COMPILATION_CONDITIONS = DEBUG;
				SWIFT_OPTIMIZATION_LEVEL = "-Onone";
			};
			name = Debug;
		};
		B12BAB6D29043238000C4F9D /* Release */ = {
			isa = XCBuildConfiguration;
			buildSettings = {
				ALWAYS_SEARCH_USER_PATHS = NO;
				CLANG_ANALYZER_NONNULL = YES;
				CLANG_ANALYZER_NUMBER_OBJECT_CONVERSION = YES_AGGRESSIVE;
				CLANG_CXX_LANGUAGE_STANDARD = "gnu++17";
				CLANG_ENABLE_MODULES = YES;
				CLANG_ENABLE_OBJC_ARC = YES;
				CLANG_ENABLE_OBJC_WEAK = YES;
				CLANG_WARN_BLOCK_CAPTURE_AUTORELEASING = YES;
				CLANG_WARN_BOOL_CONVERSION = YES;
				CLANG_WARN_COMMA = YES;
				CLANG_WARN_CONSTANT_CONVERSION = YES;
				CLANG_WARN_DEPRECATED_OBJC_IMPLEMENTATIONS = YES;
				CLANG_WARN_DIRECT_OBJC_ISA_USAGE = YES_ERROR;
				CLANG_WARN_DOCUMENTATION_COMMENTS = YES;
				CLANG_WARN_EMPTY_BODY = YES;
				CLANG_WARN_ENUM_CONVERSION = YES;
				CLANG_WARN_INFINITE_RECURSION = YES;
				CLANG_WARN_INT_CONVERSION = YES;
				CLANG_WARN_NON_LITERAL_NULL_CONVERSION = YES;
				CLANG_WARN_OBJC_IMPLICIT_RETAIN_SELF = YES;
				CLANG_WARN_OBJC_LITERAL_CONVERSION = YES;
				CLANG_WARN_OBJC_ROOT_CLASS = YES_ERROR;
				CLANG_WARN_QUOTED_INCLUDE_IN_FRAMEWORK_HEADER = YES;
				CLANG_WARN_RANGE_LOOP_ANALYSIS = YES;
				CLANG_WARN_STRICT_PROTOTYPES = YES;
				CLANG_WARN_SUSPICIOUS_MOVE = YES;
				CLANG_WARN_UNGUARDED_AVAILABILITY = YES_AGGRESSIVE;
				CLANG_WARN_UNREACHABLE_CODE = YES;
				CLANG_WARN__DUPLICATE_METHOD_MATCH = YES;
				COPY_PHASE_STRIP = NO;
				DEBUG_INFORMATION_FORMAT = "dwarf-with-dsym";
				ENABLE_NS_ASSERTIONS = NO;
				ENABLE_STRICT_OBJC_MSGSEND = YES;
				GCC_C_LANGUAGE_STANDARD = gnu11;
				GCC_NO_COMMON_BLOCKS = YES;
				GCC_WARN_64_TO_32_BIT_CONVERSION = YES;
				GCC_WARN_ABOUT_RETURN_TYPE = YES_ERROR;
				GCC_WARN_UNDECLARED_SELECTOR = YES;
				GCC_WARN_UNINITIALIZED_AUTOS = YES_AGGRESSIVE;
				GCC_WARN_UNUSED_FUNCTION = YES;
				GCC_WARN_UNUSED_VARIABLE = YES;
				IPHONEOS_DEPLOYMENT_TARGET = 15.5;
				MTL_ENABLE_DEBUG_INFO = NO;
				MTL_FAST_MATH = YES;
				SDKROOT = iphoneos;
				SWIFT_COMPILATION_MODE = wholemodule;
				SWIFT_OPTIMIZATION_LEVEL = "-O";
				VALIDATE_PRODUCT = YES;
			};
			name = Release;
		};
		B12BAB6F29043238000C4F9D /* Debug */ = {
			isa = XCBuildConfiguration;
			buildSettings = {
				ASSETCATALOG_COMPILER_APPICON_NAME = AppIcon;
				ASSETCATALOG_COMPILER_GLOBAL_ACCENT_COLOR_NAME = AccentColor;
				CODE_SIGN_STYLE = Automatic;
				CURRENT_PROJECT_VERSION = 1;
				GENERATE_INFOPLIST_FILE = YES;
				INFOPLIST_FILE = Navigation/Info.plist;
				INFOPLIST_KEY_UIApplicationSupportsIndirectInputEvents = YES;
				INFOPLIST_KEY_UILaunchStoryboardName = LaunchScreen;
				INFOPLIST_KEY_UISupportedInterfaceOrientations_iPad = "UIInterfaceOrientationPortrait UIInterfaceOrientationPortraitUpsideDown UIInterfaceOrientationLandscapeLeft UIInterfaceOrientationLandscapeRight";
				INFOPLIST_KEY_UISupportedInterfaceOrientations_iPhone = "UIInterfaceOrientationPortrait UIInterfaceOrientationLandscapeLeft UIInterfaceOrientationLandscapeRight";
				LD_RUNPATH_SEARCH_PATHS = (
					"$(inherited)",
					"@executable_path/Frameworks",
				);
				MARKETING_VERSION = 1.0;
				PRODUCT_BUNDLE_IDENTIFIER = ZK.Navigation;
				PRODUCT_NAME = "$(TARGET_NAME)";
				SWIFT_EMIT_LOC_STRINGS = YES;
				SWIFT_VERSION = 5.0;
				TARGETED_DEVICE_FAMILY = "1,2";
			};
			name = Debug;
		};
		B12BAB7029043238000C4F9D /* Release */ = {
			isa = XCBuildConfiguration;
			buildSettings = {
				ASSETCATALOG_COMPILER_APPICON_NAME = AppIcon;
				ASSETCATALOG_COMPILER_GLOBAL_ACCENT_COLOR_NAME = AccentColor;
				CODE_SIGN_STYLE = Automatic;
				CURRENT_PROJECT_VERSION = 1;
				GENERATE_INFOPLIST_FILE = YES;
				INFOPLIST_FILE = Navigation/Info.plist;
				INFOPLIST_KEY_UIApplicationSupportsIndirectInputEvents = YES;
				INFOPLIST_KEY_UILaunchStoryboardName = LaunchScreen;
				INFOPLIST_KEY_UISupportedInterfaceOrientations_iPad = "UIInterfaceOrientationPortrait UIInterfaceOrientationPortraitUpsideDown UIInterfaceOrientationLandscapeLeft UIInterfaceOrientationLandscapeRight";
				INFOPLIST_KEY_UISupportedInterfaceOrientations_iPhone = "UIInterfaceOrientationPortrait UIInterfaceOrientationLandscapeLeft UIInterfaceOrientationLandscapeRight";
				LD_RUNPATH_SEARCH_PATHS = (
					"$(inherited)",
					"@executable_path/Frameworks",
				);
				MARKETING_VERSION = 1.0;
				PRODUCT_BUNDLE_IDENTIFIER = ZK.Navigation;
				PRODUCT_NAME = "$(TARGET_NAME)";
				SWIFT_EMIT_LOC_STRINGS = YES;
				SWIFT_VERSION = 5.0;
				TARGETED_DEVICE_FAMILY = "1,2";
			};
			name = Release;
		};
/* End XCBuildConfiguration section */

/* Begin XCConfigurationList section */
		B12BAB5529043236000C4F9D /* Build configuration list for PBXProject "Navigation" */ = {
			isa = XCConfigurationList;
			buildConfigurations = (
				B12BAB6C29043238000C4F9D /* Debug */,
				B12BAB6D29043238000C4F9D /* Release */,
			);
			defaultConfigurationIsVisible = 0;
			defaultConfigurationName = Release;
		};
		B12BAB6E29043238000C4F9D /* Build configuration list for PBXNativeTarget "Navigation" */ = {
			isa = XCConfigurationList;
			buildConfigurations = (
				B12BAB6F29043238000C4F9D /* Debug */,
				B12BAB7029043238000C4F9D /* Release */,
			);
			defaultConfigurationIsVisible = 0;
			defaultConfigurationName = Release;
		};
/* End XCConfigurationList section */
	};
	rootObject = B12BAB5229043236000C4F9D /* Project object */;
}
